// !$*UTF8*$!
{
	archiveVersion = 1;
	classes = {
	};
	objectVersion = 46;
	objects = {

/* Begin PBXBuildFile section */
		5C9429481B078CB400697B3E /* Foundation.framework in Frameworks */ = {isa = PBXBuildFile; fileRef = 5C9429471B078CB400697B3E /* Foundation.framework */; };
		5C94294A1B078CB400697B3E /* CoreGraphics.framework in Frameworks */ = {isa = PBXBuildFile; fileRef = 5C9429491B078CB400697B3E /* CoreGraphics.framework */; };
		5C94294C1B078CB400697B3E /* UIKit.framework in Frameworks */ = {isa = PBXBuildFile; fileRef = 5C94294B1B078CB400697B3E /* UIKit.framework */; };
		5C9429521B078CB400697B3E /* InfoPlist.strings in Resources */ = {isa = PBXBuildFile; fileRef = 5C9429501B078CB400697B3E /* InfoPlist.strings */; };
		5C9429541B078CB400697B3E /* main.m in Sources */ = {isa = PBXBuildFile; fileRef = 5C9429531B078CB400697B3E /* main.m */; };
		5C9429581B078CB400697B3E /* AppDelegate.m in Sources */ = {isa = PBXBuildFile; fileRef = 5C9429571B078CB400697B3E /* AppDelegate.m */; };
		5C94295B1B078CB400697B3E /* Main.storyboard in Resources */ = {isa = PBXBuildFile; fileRef = 5C9429591B078CB400697B3E /* Main.storyboard */; };
		5C9429631B078CB400697B3E /* Images.xcassets in Resources */ = {isa = PBXBuildFile; fileRef = 5C9429621B078CB400697B3E /* Images.xcassets */; };
		5C94296A1B078CB400697B3E /* XCTest.framework in Frameworks */ = {isa = PBXBuildFile; fileRef = 5C9429691B078CB400697B3E /* XCTest.framework */; };
		5C94296B1B078CB400697B3E /* Foundation.framework in Frameworks */ = {isa = PBXBuildFile; fileRef = 5C9429471B078CB400697B3E /* Foundation.framework */; };
		5C94296C1B078CB400697B3E /* UIKit.framework in Frameworks */ = {isa = PBXBuildFile; fileRef = 5C94294B1B078CB400697B3E /* UIKit.framework */; };
		5C9429741B078CB400697B3E /* InfoPlist.strings in Resources */ = {isa = PBXBuildFile; fileRef = 5C9429721B078CB400697B3E /* InfoPlist.strings */; };
		5C9429761B078CB400697B3E /* OpenWeatherTests.m in Sources */ = {isa = PBXBuildFile; fileRef = 5C9429751B078CB400697B3E /* OpenWeatherTests.m */; };
		5C9429811B07924400697B3E /* CitiesViewController.m in Sources */ = {isa = PBXBuildFile; fileRef = 5C9429801B07924400697B3E /* CitiesViewController.m */; };
		5C9429841B0792C100697B3E /* MapViewController.m in Sources */ = {isa = PBXBuildFile; fileRef = 5C9429831B0792C100697B3E /* MapViewController.m */; };
		5C9429861B07931900697B3E /* MapKit.framework in Frameworks */ = {isa = PBXBuildFile; fileRef = 5C9429851B07931900697B3E /* MapKit.framework */; };
		5C9429891B0795CD00697B3E /* NSDictionary+weather_data.m in Sources */ = {isa = PBXBuildFile; fileRef = 5C9429881B0795CD00697B3E /* NSDictionary+weather_data.m */; };
		5C94298C1B07964800697B3E /* NSDictionary+weather.m in Sources */ = {isa = PBXBuildFile; fileRef = 5C94298B1B07964800697B3E /* NSDictionary+weather.m */; };
		5C9429B61B07A44000697B3E /* AFHTTPRequestOperation.m in Sources */ = {isa = PBXBuildFile; fileRef = 5C9429921B07A44000697B3E /* AFHTTPRequestOperation.m */; };
		5C9429B71B07A44000697B3E /* AFHTTPRequestOperationManager.m in Sources */ = {isa = PBXBuildFile; fileRef = 5C9429941B07A44000697B3E /* AFHTTPRequestOperationManager.m */; };
		5C9429B81B07A44000697B3E /* AFHTTPSessionManager.m in Sources */ = {isa = PBXBuildFile; fileRef = 5C9429961B07A44000697B3E /* AFHTTPSessionManager.m */; };
		5C9429B91B07A44000697B3E /* AFNetworkReachabilityManager.m in Sources */ = {isa = PBXBuildFile; fileRef = 5C9429991B07A44000697B3E /* AFNetworkReachabilityManager.m */; };
		5C9429BA1B07A44000697B3E /* AFSecurityPolicy.m in Sources */ = {isa = PBXBuildFile; fileRef = 5C94299B1B07A44000697B3E /* AFSecurityPolicy.m */; };
		5C9429BB1B07A44000697B3E /* AFURLConnectionOperation.m in Sources */ = {isa = PBXBuildFile; fileRef = 5C94299D1B07A44000697B3E /* AFURLConnectionOperation.m */; };
		5C9429BC1B07A44000697B3E /* AFURLRequestSerialization.m in Sources */ = {isa = PBXBuildFile; fileRef = 5C94299F1B07A44000697B3E /* AFURLRequestSerialization.m */; };
		5C9429BD1B07A44000697B3E /* AFURLResponseSerialization.m in Sources */ = {isa = PBXBuildFile; fileRef = 5C9429A11B07A44000697B3E /* AFURLResponseSerialization.m */; };
		5C9429BE1B07A44000697B3E /* AFURLSessionManager.m in Sources */ = {isa = PBXBuildFile; fileRef = 5C9429A31B07A44000697B3E /* AFURLSessionManager.m */; };
		5C9429BF1B07A44000697B3E /* AFNetworkActivityIndicatorManager.m in Sources */ = {isa = PBXBuildFile; fileRef = 5C9429A61B07A44000697B3E /* AFNetworkActivityIndicatorManager.m */; };
		5C9429C01B07A44000697B3E /* UIActivityIndicatorView+AFNetworking.m in Sources */ = {isa = PBXBuildFile; fileRef = 5C9429A81B07A44000697B3E /* UIActivityIndicatorView+AFNetworking.m */; };
		5C9429C11B07A44000697B3E /* UIAlertView+AFNetworking.m in Sources */ = {isa = PBXBuildFile; fileRef = 5C9429AA1B07A44000697B3E /* UIAlertView+AFNetworking.m */; };
		5C9429C21B07A44000697B3E /* UIButton+AFNetworking.m in Sources */ = {isa = PBXBuildFile; fileRef = 5C9429AC1B07A44000697B3E /* UIButton+AFNetworking.m */; };
		5C9429C31B07A44000697B3E /* UIImageView+AFNetworking.m in Sources */ = {isa = PBXBuildFile; fileRef = 5C9429AE1B07A44000697B3E /* UIImageView+AFNetworking.m */; };
		5C9429C41B07A44000697B3E /* UIProgressView+AFNetworking.m in Sources */ = {isa = PBXBuildFile; fileRef = 5C9429B11B07A44000697B3E /* UIProgressView+AFNetworking.m */; };
		5C9429C51B07A44000697B3E /* UIRefreshControl+AFNetworking.m in Sources */ = {isa = PBXBuildFile; fileRef = 5C9429B31B07A44000697B3E /* UIRefreshControl+AFNetworking.m */; };
		5C9429C61B07A44000697B3E /* UIWebView+AFNetworking.m in Sources */ = {isa = PBXBuildFile; fileRef = 5C9429B51B07A44000697B3E /* UIWebView+AFNetworking.m */; };
		5C9429C91B07A60F00697B3E /* DataController.m in Sources */ = {isa = PBXBuildFile; fileRef = 5C9429C81B07A60F00697B3E /* DataController.m */; };
		5C9429CC1B07BFFD00697B3E /* WeatherData.m in Sources */ = {isa = PBXBuildFile; fileRef = 5C9429CB1B07BFFD00697B3E /* WeatherData.m */; };
		5C9429CF1B07C51900697B3E /* DetailViewController.m in Sources */ = {isa = PBXBuildFile; fileRef = 5C9429CE1B07C51900697B3E /* DetailViewController.m */; };
		5C9429D11B07DB5A00697B3E /* CoreLocation.framework in Frameworks */ = {isa = PBXBuildFile; fileRef = 5C9429D01B07DB5A00697B3E /* CoreLocation.framework */; };
/* End PBXBuildFile section */

/* Begin PBXContainerItemProxy section */
		5C94296D1B078CB400697B3E /* PBXContainerItemProxy */ = {
			isa = PBXContainerItemProxy;
			containerPortal = 5C94293C1B078CB300697B3E /* Project object */;
			proxyType = 1;
			remoteGlobalIDString = 5C9429431B078CB300697B3E;
			remoteInfo = OpenWeather;
		};
/* End PBXContainerItemProxy section */

/* Begin PBXFileReference section */
		5C9429441B078CB400697B3E /* OpenWeather.app */ = {isa = PBXFileReference; explicitFileType = wrapper.application; includeInIndex = 0; path = OpenWeather.app; sourceTree = BUILT_PRODUCTS_DIR; };
		5C9429471B078CB400697B3E /* Foundation.framework */ = {isa = PBXFileReference; lastKnownFileType = wrapper.framework; name = Foundation.framework; path = System/Library/Frameworks/Foundation.framework; sourceTree = SDKROOT; };
		5C9429491B078CB400697B3E /* CoreGraphics.framework */ = {isa = PBXFileReference; lastKnownFileType = wrapper.framework; name = CoreGraphics.framework; path = System/Library/Frameworks/CoreGraphics.framework; sourceTree = SDKROOT; };
		5C94294B1B078CB400697B3E /* UIKit.framework */ = {isa = PBXFileReference; lastKnownFileType = wrapper.framework; name = UIKit.framework; path = System/Library/Frameworks/UIKit.framework; sourceTree = SDKROOT; };
		5C94294F1B078CB400697B3E /* OpenWeather-Info.plist */ = {isa = PBXFileReference; lastKnownFileType = text.plist.xml; path = "OpenWeather-Info.plist"; sourceTree = "<group>"; };
		5C9429511B078CB400697B3E /* en */ = {isa = PBXFileReference; lastKnownFileType = text.plist.strings; name = en; path = en.lproj/InfoPlist.strings; sourceTree = "<group>"; };
		5C9429531B078CB400697B3E /* main.m */ = {isa = PBXFileReference; lastKnownFileType = sourcecode.c.objc; path = main.m; sourceTree = "<group>"; };
		5C9429551B078CB400697B3E /* OpenWeather-Prefix.pch */ = {isa = PBXFileReference; lastKnownFileType = sourcecode.c.h; path = "OpenWeather-Prefix.pch"; sourceTree = "<group>"; };
		5C9429561B078CB400697B3E /* AppDelegate.h */ = {isa = PBXFileReference; lastKnownFileType = sourcecode.c.h; path = AppDelegate.h; sourceTree = "<group>"; };
		5C9429571B078CB400697B3E /* AppDelegate.m */ = {isa = PBXFileReference; lastKnownFileType = sourcecode.c.objc; path = AppDelegate.m; sourceTree = "<group>"; };
		5C94295A1B078CB400697B3E /* Base */ = {isa = PBXFileReference; lastKnownFileType = file.storyboard; name = Base; path = Base.lproj/Main.storyboard; sourceTree = "<group>"; };
		5C9429621B078CB400697B3E /* Images.xcassets */ = {isa = PBXFileReference; lastKnownFileType = folder.assetcatalog; path = Images.xcassets; sourceTree = "<group>"; };
		5C9429681B078CB400697B3E /* OpenWeatherTests.xctest */ = {isa = PBXFileReference; explicitFileType = wrapper.cfbundle; includeInIndex = 0; path = OpenWeatherTests.xctest; sourceTree = BUILT_PRODUCTS_DIR; };
		5C9429691B078CB400697B3E /* XCTest.framework */ = {isa = PBXFileReference; lastKnownFileType = wrapper.framework; name = XCTest.framework; path = Library/Frameworks/XCTest.framework; sourceTree = DEVELOPER_DIR; };
		5C9429711B078CB400697B3E /* OpenWeatherTests-Info.plist */ = {isa = PBXFileReference; lastKnownFileType = text.plist.xml; path = "OpenWeatherTests-Info.plist"; sourceTree = "<group>"; };
		5C9429731B078CB400697B3E /* en */ = {isa = PBXFileReference; lastKnownFileType = text.plist.strings; name = en; path = en.lproj/InfoPlist.strings; sourceTree = "<group>"; };
		5C9429751B078CB400697B3E /* OpenWeatherTests.m */ = {isa = PBXFileReference; lastKnownFileType = sourcecode.c.objc; path = OpenWeatherTests.m; sourceTree = "<group>"; };
		5C94297F1B07924400697B3E /* CitiesViewController.h */ = {isa = PBXFileReference; fileEncoding = 4; lastKnownFileType = sourcecode.c.h; path = CitiesViewController.h; sourceTree = "<group>"; };
		5C9429801B07924400697B3E /* CitiesViewController.m */ = {isa = PBXFileReference; fileEncoding = 4; lastKnownFileType = sourcecode.c.objc; path = CitiesViewController.m; sourceTree = "<group>"; };
		5C9429821B0792C100697B3E /* MapViewController.h */ = {isa = PBXFileReference; fileEncoding = 4; lastKnownFileType = sourcecode.c.h; path = MapViewController.h; sourceTree = "<group>"; };
		5C9429831B0792C100697B3E /* MapViewController.m */ = {isa = PBXFileReference; fileEncoding = 4; lastKnownFileType = sourcecode.c.objc; path = MapViewController.m; sourceTree = "<group>"; };
		5C9429851B07931900697B3E /* MapKit.framework */ = {isa = PBXFileReference; lastKnownFileType = wrapper.framework; name = MapKit.framework; path = System/Library/Frameworks/MapKit.framework; sourceTree = SDKROOT; };
		5C9429871B0795CD00697B3E /* NSDictionary+weather_data.h */ = {isa = PBXFileReference; fileEncoding = 4; lastKnownFileType = sourcecode.c.h; path = "NSDictionary+weather_data.h"; sourceTree = "<group>"; };
		5C9429881B0795CD00697B3E /* NSDictionary+weather_data.m */ = {isa = PBXFileReference; fileEncoding = 4; lastKnownFileType = sourcecode.c.objc; path = "NSDictionary+weather_data.m"; sourceTree = "<group>"; };
		5C94298A1B07964800697B3E /* NSDictionary+weather.h */ = {isa = PBXFileReference; fileEncoding = 4; lastKnownFileType = sourcecode.c.h; path = "NSDictionary+weather.h"; sourceTree = "<group>"; };
		5C94298B1B07964800697B3E /* NSDictionary+weather.m */ = {isa = PBXFileReference; fileEncoding = 4; lastKnownFileType = sourcecode.c.objc; path = "NSDictionary+weather.m"; sourceTree = "<group>"; };
		5C9429911B07A44000697B3E /* AFHTTPRequestOperation.h */ = {isa = PBXFileReference; fileEncoding = 4; lastKnownFileType = sourcecode.c.h; path = AFHTTPRequestOperation.h; sourceTree = "<group>"; };
		5C9429921B07A44000697B3E /* AFHTTPRequestOperation.m */ = {isa = PBXFileReference; fileEncoding = 4; lastKnownFileType = sourcecode.c.objc; path = AFHTTPRequestOperation.m; sourceTree = "<group>"; };
		5C9429931B07A44000697B3E /* AFHTTPRequestOperationManager.h */ = {isa = PBXFileReference; fileEncoding = 4; lastKnownFileType = sourcecode.c.h; path = AFHTTPRequestOperationManager.h; sourceTree = "<group>"; };
		5C9429941B07A44000697B3E /* AFHTTPRequestOperationManager.m */ = {isa = PBXFileReference; fileEncoding = 4; lastKnownFileType = sourcecode.c.objc; path = AFHTTPRequestOperationManager.m; sourceTree = "<group>"; };
		5C9429951B07A44000697B3E /* AFHTTPSessionManager.h */ = {isa = PBXFileReference; fileEncoding = 4; lastKnownFileType = sourcecode.c.h; path = AFHTTPSessionManager.h; sourceTree = "<group>"; };
		5C9429961B07A44000697B3E /* AFHTTPSessionManager.m */ = {isa = PBXFileReference; fileEncoding = 4; lastKnownFileType = sourcecode.c.objc; path = AFHTTPSessionManager.m; sourceTree = "<group>"; };
		5C9429971B07A44000697B3E /* AFNetworking.h */ = {isa = PBXFileReference; fileEncoding = 4; lastKnownFileType = sourcecode.c.h; path = AFNetworking.h; sourceTree = "<group>"; };
		5C9429981B07A44000697B3E /* AFNetworkReachabilityManager.h */ = {isa = PBXFileReference; fileEncoding = 4; lastKnownFileType = sourcecode.c.h; path = AFNetworkReachabilityManager.h; sourceTree = "<group>"; };
		5C9429991B07A44000697B3E /* AFNetworkReachabilityManager.m */ = {isa = PBXFileReference; fileEncoding = 4; lastKnownFileType = sourcecode.c.objc; path = AFNetworkReachabilityManager.m; sourceTree = "<group>"; };
		5C94299A1B07A44000697B3E /* AFSecurityPolicy.h */ = {isa = PBXFileReference; fileEncoding = 4; lastKnownFileType = sourcecode.c.h; path = AFSecurityPolicy.h; sourceTree = "<group>"; };
		5C94299B1B07A44000697B3E /* AFSecurityPolicy.m */ = {isa = PBXFileReference; fileEncoding = 4; lastKnownFileType = sourcecode.c.objc; path = AFSecurityPolicy.m; sourceTree = "<group>"; };
		5C94299C1B07A44000697B3E /* AFURLConnectionOperation.h */ = {isa = PBXFileReference; fileEncoding = 4; lastKnownFileType = sourcecode.c.h; path = AFURLConnectionOperation.h; sourceTree = "<group>"; };
		5C94299D1B07A44000697B3E /* AFURLConnectionOperation.m */ = {isa = PBXFileReference; fileEncoding = 4; lastKnownFileType = sourcecode.c.objc; path = AFURLConnectionOperation.m; sourceTree = "<group>"; };
		5C94299E1B07A44000697B3E /* AFURLRequestSerialization.h */ = {isa = PBXFileReference; fileEncoding = 4; lastKnownFileType = sourcecode.c.h; path = AFURLRequestSerialization.h; sourceTree = "<group>"; };
		5C94299F1B07A44000697B3E /* AFURLRequestSerialization.m */ = {isa = PBXFileReference; fileEncoding = 4; lastKnownFileType = sourcecode.c.objc; path = AFURLRequestSerialization.m; sourceTree = "<group>"; };
		5C9429A01B07A44000697B3E /* AFURLResponseSerialization.h */ = {isa = PBXFileReference; fileEncoding = 4; lastKnownFileType = sourcecode.c.h; path = AFURLResponseSerialization.h; sourceTree = "<group>"; };
		5C9429A11B07A44000697B3E /* AFURLResponseSerialization.m */ = {isa = PBXFileReference; fileEncoding = 4; lastKnownFileType = sourcecode.c.objc; path = AFURLResponseSerialization.m; sourceTree = "<group>"; };
		5C9429A21B07A44000697B3E /* AFURLSessionManager.h */ = {isa = PBXFileReference; fileEncoding = 4; lastKnownFileType = sourcecode.c.h; path = AFURLSessionManager.h; sourceTree = "<group>"; };
		5C9429A31B07A44000697B3E /* AFURLSessionManager.m */ = {isa = PBXFileReference; fileEncoding = 4; lastKnownFileType = sourcecode.c.objc; path = AFURLSessionManager.m; sourceTree = "<group>"; };
		5C9429A51B07A44000697B3E /* AFNetworkActivityIndicatorManager.h */ = {isa = PBXFileReference; fileEncoding = 4; lastKnownFileType = sourcecode.c.h; path = AFNetworkActivityIndicatorManager.h; sourceTree = "<group>"; };
		5C9429A61B07A44000697B3E /* AFNetworkActivityIndicatorManager.m */ = {isa = PBXFileReference; fileEncoding = 4; lastKnownFileType = sourcecode.c.objc; path = AFNetworkActivityIndicatorManager.m; sourceTree = "<group>"; };
		5C9429A71B07A44000697B3E /* UIActivityIndicatorView+AFNetworking.h */ = {isa = PBXFileReference; fileEncoding = 4; lastKnownFileType = sourcecode.c.h; path = "UIActivityIndicatorView+AFNetworking.h"; sourceTree = "<group>"; };
		5C9429A81B07A44000697B3E /* UIActivityIndicatorView+AFNetworking.m */ = {isa = PBXFileReference; fileEncoding = 4; lastKnownFileType = sourcecode.c.objc; path = "UIActivityIndicatorView+AFNetworking.m"; sourceTree = "<group>"; };
		5C9429A91B07A44000697B3E /* UIAlertView+AFNetworking.h */ = {isa = PBXFileReference; fileEncoding = 4; lastKnownFileType = sourcecode.c.h; path = "UIAlertView+AFNetworking.h"; sourceTree = "<group>"; };
		5C9429AA1B07A44000697B3E /* UIAlertView+AFNetworking.m */ = {isa = PBXFileReference; fileEncoding = 4; lastKnownFileType = sourcecode.c.objc; path = "UIAlertView+AFNetworking.m"; sourceTree = "<group>"; };
		5C9429AB1B07A44000697B3E /* UIButton+AFNetworking.h */ = {isa = PBXFileReference; fileEncoding = 4; lastKnownFileType = sourcecode.c.h; path = "UIButton+AFNetworking.h"; sourceTree = "<group>"; };
		5C9429AC1B07A44000697B3E /* UIButton+AFNetworking.m */ = {isa = PBXFileReference; fileEncoding = 4; lastKnownFileType = sourcecode.c.objc; path = "UIButton+AFNetworking.m"; sourceTree = "<group>"; };
		5C9429AD1B07A44000697B3E /* UIImageView+AFNetworking.h */ = {isa = PBXFileReference; fileEncoding = 4; lastKnownFileType = sourcecode.c.h; path = "UIImageView+AFNetworking.h"; sourceTree = "<group>"; };
		5C9429AE1B07A44000697B3E /* UIImageView+AFNetworking.m */ = {isa = PBXFileReference; fileEncoding = 4; lastKnownFileType = sourcecode.c.objc; path = "UIImageView+AFNetworking.m"; sourceTree = "<group>"; };
		5C9429AF1B07A44000697B3E /* UIKit+AFNetworking.h */ = {isa = PBXFileReference; fileEncoding = 4; lastKnownFileType = sourcecode.c.h; path = "UIKit+AFNetworking.h"; sourceTree = "<group>"; };
		5C9429B01B07A44000697B3E /* UIProgressView+AFNetworking.h */ = {isa = PBXFileReference; fileEncoding = 4; lastKnownFileType = sourcecode.c.h; path = "UIProgressView+AFNetworking.h"; sourceTree = "<group>"; };
		5C9429B11B07A44000697B3E /* UIProgressView+AFNetworking.m */ = {isa = PBXFileReference; fileEncoding = 4; lastKnownFileType = sourcecode.c.objc; path = "UIProgressView+AFNetworking.m"; sourceTree = "<group>"; };
		5C9429B21B07A44000697B3E /* UIRefreshControl+AFNetworking.h */ = {isa = PBXFileReference; fileEncoding = 4; lastKnownFileType = sourcecode.c.h; path = "UIRefreshControl+AFNetworking.h"; sourceTree = "<group>"; };
		5C9429B31B07A44000697B3E /* UIRefreshControl+AFNetworking.m */ = {isa = PBXFileReference; fileEncoding = 4; lastKnownFileType = sourcecode.c.objc; path = "UIRefreshControl+AFNetworking.m"; sourceTree = "<group>"; };
		5C9429B41B07A44000697B3E /* UIWebView+AFNetworking.h */ = {isa = PBXFileReference; fileEncoding = 4; lastKnownFileType = sourcecode.c.h; path = "UIWebView+AFNetworking.h"; sourceTree = "<group>"; };
		5C9429B51B07A44000697B3E /* UIWebView+AFNetworking.m */ = {isa = PBXFileReference; fileEncoding = 4; lastKnownFileType = sourcecode.c.objc; path = "UIWebView+AFNetworking.m"; sourceTree = "<group>"; };
		5C9429C71B07A60F00697B3E /* DataController.h */ = {isa = PBXFileReference; fileEncoding = 4; lastKnownFileType = sourcecode.c.h; path = DataController.h; sourceTree = "<group>"; };
		5C9429C81B07A60F00697B3E /* DataController.m */ = {isa = PBXFileReference; fileEncoding = 4; lastKnownFileType = sourcecode.c.objc; path = DataController.m; sourceTree = "<group>"; };
		5C9429CA1B07BFFD00697B3E /* WeatherData.h */ = {isa = PBXFileReference; fileEncoding = 4; lastKnownFileType = sourcecode.c.h; path = WeatherData.h; sourceTree = "<group>"; };
		5C9429CB1B07BFFD00697B3E /* WeatherData.m */ = {isa = PBXFileReference; fileEncoding = 4; lastKnownFileType = sourcecode.c.objc; path = WeatherData.m; sourceTree = "<group>"; };
		5C9429CD1B07C51900697B3E /* DetailViewController.h */ = {isa = PBXFileReference; fileEncoding = 4; lastKnownFileType = sourcecode.c.h; path = DetailViewController.h; sourceTree = "<group>"; };
		5C9429CE1B07C51900697B3E /* DetailViewController.m */ = {isa = PBXFileReference; fileEncoding = 4; lastKnownFileType = sourcecode.c.objc; path = DetailViewController.m; sourceTree = "<group>"; };
		5C9429D01B07DB5A00697B3E /* CoreLocation.framework */ = {isa = PBXFileReference; lastKnownFileType = wrapper.framework; name = CoreLocation.framework; path = System/Library/Frameworks/CoreLocation.framework; sourceTree = SDKROOT; };
/* End PBXFileReference section */

/* Begin PBXFrameworksBuildPhase section */
		5C9429411B078CB300697B3E /* Frameworks */ = {
			isa = PBXFrameworksBuildPhase;
			buildActionMask = 2147483647;
			files = (
				5C9429D11B07DB5A00697B3E /* CoreLocation.framework in Frameworks */,
				5C9429861B07931900697B3E /* MapKit.framework in Frameworks */,
				5C94294A1B078CB400697B3E /* CoreGraphics.framework in Frameworks */,
				5C94294C1B078CB400697B3E /* UIKit.framework in Frameworks */,
				5C9429481B078CB400697B3E /* Foundation.framework in Frameworks */,
			);
			runOnlyForDeploymentPostprocessing = 0;
		};
		5C9429651B078CB400697B3E /* Frameworks */ = {
			isa = PBXFrameworksBuildPhase;
			buildActionMask = 2147483647;
			files = (
				5C94296A1B078CB400697B3E /* XCTest.framework in Frameworks */,
				5C94296C1B078CB400697B3E /* UIKit.framework in Frameworks */,
				5C94296B1B078CB400697B3E /* Foundation.framework in Frameworks */,
			);
			runOnlyForDeploymentPostprocessing = 0;
		};
/* End PBXFrameworksBuildPhase section */

/* Begin PBXGroup section */
		5C94293B1B078CB300697B3E = {
			isa = PBXGroup;
			children = (
				5C94294D1B078CB400697B3E /* OpenWeather */,
				5C94296F1B078CB400697B3E /* OpenWeatherTests */,
				5C9429461B078CB400697B3E /* Frameworks */,
				5C9429451B078CB400697B3E /* Products */,
			);
			sourceTree = "<group>";
		};
		5C9429451B078CB400697B3E /* Products */ = {
			isa = PBXGroup;
			children = (
				5C9429441B078CB400697B3E /* OpenWeather.app */,
				5C9429681B078CB400697B3E /* OpenWeatherTests.xctest */,
			);
			name = Products;
			sourceTree = "<group>";
		};
		5C9429461B078CB400697B3E /* Frameworks */ = {
			isa = PBXGroup;
			children = (
				5C9429D01B07DB5A00697B3E /* CoreLocation.framework */,
				5C9429851B07931900697B3E /* MapKit.framework */,
				5C9429471B078CB400697B3E /* Foundation.framework */,
				5C9429491B078CB400697B3E /* CoreGraphics.framework */,
				5C94294B1B078CB400697B3E /* UIKit.framework */,
				5C9429691B078CB400697B3E /* XCTest.framework */,
			);
			name = Frameworks;
			sourceTree = "<group>";
		};
		5C94294D1B078CB400697B3E /* OpenWeather */ = {
			isa = PBXGroup;
			children = (
				5C9429901B07A44000697B3E /* AFNetworking */,
				5C9429A41B07A44000697B3E /* UIKit+AFNetworking */,
				5C9429561B078CB400697B3E /* AppDelegate.h */,
				5C9429571B078CB400697B3E /* AppDelegate.m */,
				5C9429591B078CB400697B3E /* Main.storyboard */,
				5C9429621B078CB400697B3E /* Images.xcassets */,
				5C94294E1B078CB400697B3E /* Supporting Files */,
				5C94297F1B07924400697B3E /* CitiesViewController.h */,
				5C9429801B07924400697B3E /* CitiesViewController.m */,
				5C9429821B0792C100697B3E /* MapViewController.h */,
				5C9429831B0792C100697B3E /* MapViewController.m */,
				5C9429871B0795CD00697B3E /* NSDictionary+weather_data.h */,
				5C9429881B0795CD00697B3E /* NSDictionary+weather_data.m */,
				5C94298A1B07964800697B3E /* NSDictionary+weather.h */,
				5C94298B1B07964800697B3E /* NSDictionary+weather.m */,
				5C9429C71B07A60F00697B3E /* DataController.h */,
				5C9429C81B07A60F00697B3E /* DataController.m */,
				5C9429CA1B07BFFD00697B3E /* WeatherData.h */,
				5C9429CB1B07BFFD00697B3E /* WeatherData.m */,
				5C9429CD1B07C51900697B3E /* DetailViewController.h */,
				5C9429CE1B07C51900697B3E /* DetailViewController.m */,
			);
			path = OpenWeather;
			sourceTree = "<group>";
		};
		5C94294E1B078CB400697B3E /* Supporting Files */ = {
			isa = PBXGroup;
			children = (
				5C94294F1B078CB400697B3E /* OpenWeather-Info.plist */,
				5C9429501B078CB400697B3E /* InfoPlist.strings */,
				5C9429531B078CB400697B3E /* main.m */,
				5C9429551B078CB400697B3E /* OpenWeather-Prefix.pch */,
			);
			name = "Supporting Files";
			sourceTree = "<group>";
		};
		5C94296F1B078CB400697B3E /* OpenWeatherTests */ = {
			isa = PBXGroup;
			children = (
				5C9429751B078CB400697B3E /* OpenWeatherTests.m */,
				5C9429701B078CB400697B3E /* Supporting Files */,
			);
			path = OpenWeatherTests;
			sourceTree = "<group>";
		};
		5C9429701B078CB400697B3E /* Supporting Files */ = {
			isa = PBXGroup;
			children = (
				5C9429711B078CB400697B3E /* OpenWeatherTests-Info.plist */,
				5C9429721B078CB400697B3E /* InfoPlist.strings */,
			);
			name = "Supporting Files";
			sourceTree = "<group>";
		};
		5C9429901B07A44000697B3E /* AFNetworking */ = {
			isa = PBXGroup;
			children = (
				5C9429911B07A44000697B3E /* AFHTTPRequestOperation.h */,
				5C9429921B07A44000697B3E /* AFHTTPRequestOperation.m */,
				5C9429931B07A44000697B3E /* AFHTTPRequestOperationManager.h */,
				5C9429941B07A44000697B3E /* AFHTTPRequestOperationManager.m */,
				5C9429951B07A44000697B3E /* AFHTTPSessionManager.h */,
				5C9429961B07A44000697B3E /* AFHTTPSessionManager.m */,
				5C9429971B07A44000697B3E /* AFNetworking.h */,
				5C9429981B07A44000697B3E /* AFNetworkReachabilityManager.h */,
				5C9429991B07A44000697B3E /* AFNetworkReachabilityManager.m */,
				5C94299A1B07A44000697B3E /* AFSecurityPolicy.h */,
				5C94299B1B07A44000697B3E /* AFSecurityPolicy.m */,
				5C94299C1B07A44000697B3E /* AFURLConnectionOperation.h */,
				5C94299D1B07A44000697B3E /* AFURLConnectionOperation.m */,
				5C94299E1B07A44000697B3E /* AFURLRequestSerialization.h */,
				5C94299F1B07A44000697B3E /* AFURLRequestSerialization.m */,
				5C9429A01B07A44000697B3E /* AFURLResponseSerialization.h */,
				5C9429A11B07A44000697B3E /* AFURLResponseSerialization.m */,
				5C9429A21B07A44000697B3E /* AFURLSessionManager.h */,
				5C9429A31B07A44000697B3E /* AFURLSessionManager.m */,
			);
			path = AFNetworking;
			sourceTree = "<group>";
		};
		5C9429A41B07A44000697B3E /* UIKit+AFNetworking */ = {
			isa = PBXGroup;
			children = (
				5C9429A51B07A44000697B3E /* AFNetworkActivityIndicatorManager.h */,
				5C9429A61B07A44000697B3E /* AFNetworkActivityIndicatorManager.m */,
				5C9429A71B07A44000697B3E /* UIActivityIndicatorView+AFNetworking.h */,
				5C9429A81B07A44000697B3E /* UIActivityIndicatorView+AFNetworking.m */,
				5C9429A91B07A44000697B3E /* UIAlertView+AFNetworking.h */,
				5C9429AA1B07A44000697B3E /* UIAlertView+AFNetworking.m */,
				5C9429AB1B07A44000697B3E /* UIButton+AFNetworking.h */,
				5C9429AC1B07A44000697B3E /* UIButton+AFNetworking.m */,
				5C9429AD1B07A44000697B3E /* UIImageView+AFNetworking.h */,
				5C9429AE1B07A44000697B3E /* UIImageView+AFNetworking.m */,
				5C9429AF1B07A44000697B3E /* UIKit+AFNetworking.h */,
				5C9429B01B07A44000697B3E /* UIProgressView+AFNetworking.h */,
				5C9429B11B07A44000697B3E /* UIProgressView+AFNetworking.m */,
				5C9429B21B07A44000697B3E /* UIRefreshControl+AFNetworking.h */,
				5C9429B31B07A44000697B3E /* UIRefreshControl+AFNetworking.m */,
				5C9429B41B07A44000697B3E /* UIWebView+AFNetworking.h */,
				5C9429B51B07A44000697B3E /* UIWebView+AFNetworking.m */,
			);
			path = "UIKit+AFNetworking";
			sourceTree = "<group>";
		};
/* End PBXGroup section */

/* Begin PBXNativeTarget section */
		5C9429431B078CB300697B3E /* OpenWeather */ = {
			isa = PBXNativeTarget;
			buildConfigurationList = 5C9429791B078CB400697B3E /* Build configuration list for PBXNativeTarget "OpenWeather" */;
			buildPhases = (
				5C9429401B078CB300697B3E /* Sources */,
				5C9429411B078CB300697B3E /* Frameworks */,
				5C9429421B078CB300697B3E /* Resources */,
			);
			buildRules = (
			);
			dependencies = (
			);
			name = OpenWeather;
			productName = OpenWeather;
			productReference = 5C9429441B078CB400697B3E /* OpenWeather.app */;
			productType = "com.apple.product-type.application";
		};
		5C9429671B078CB400697B3E /* OpenWeatherTests */ = {
			isa = PBXNativeTarget;
			buildConfigurationList = 5C94297C1B078CB400697B3E /* Build configuration list for PBXNativeTarget "OpenWeatherTests" */;
			buildPhases = (
				5C9429641B078CB400697B3E /* Sources */,
				5C9429651B078CB400697B3E /* Frameworks */,
				5C9429661B078CB400697B3E /* Resources */,
			);
			buildRules = (
			);
			dependencies = (
				5C94296E1B078CB400697B3E /* PBXTargetDependency */,
			);
			name = OpenWeatherTests;
			productName = OpenWeatherTests;
			productReference = 5C9429681B078CB400697B3E /* OpenWeatherTests.xctest */;
			productType = "com.apple.product-type.bundle.unit-test";
		};
/* End PBXNativeTarget section */

/* Begin PBXProject section */
		5C94293C1B078CB300697B3E /* Project object */ = {
			isa = PBXProject;
			attributes = {
				LastUpgradeCheck = 0510;
				ORGANIZATIONNAME = SergeantWare;
				TargetAttributes = {
					5C9429671B078CB400697B3E = {
						TestTargetID = 5C9429431B078CB300697B3E;
					};
				};
			};
			buildConfigurationList = 5C94293F1B078CB300697B3E /* Build configuration list for PBXProject "OpenWeather" */;
			compatibilityVersion = "Xcode 3.2";
			developmentRegion = English;
			hasScannedForEncodings = 0;
			knownRegions = (
				en,
				Base,
			);
			mainGroup = 5C94293B1B078CB300697B3E;
			productRefGroup = 5C9429451B078CB400697B3E /* Products */;
			projectDirPath = "";
			projectRoot = "";
			targets = (
				5C9429431B078CB300697B3E /* OpenWeather */,
				5C9429671B078CB400697B3E /* OpenWeatherTests */,
			);
		};
/* End PBXProject section */

/* Begin PBXResourcesBuildPhase section */
		5C9429421B078CB300697B3E /* Resources */ = {
			isa = PBXResourcesBuildPhase;
			buildActionMask = 2147483647;
			files = (
				5C9429631B078CB400697B3E /* Images.xcassets in Resources */,
				5C9429521B078CB400697B3E /* InfoPlist.strings in Resources */,
				5C94295B1B078CB400697B3E /* Main.storyboard in Resources */,
			);
			runOnlyForDeploymentPostprocessing = 0;
		};
		5C9429661B078CB400697B3E /* Resources */ = {
			isa = PBXResourcesBuildPhase;
			buildActionMask = 2147483647;
			files = (
				5C9429741B078CB400697B3E /* InfoPlist.strings in Resources */,
			);
			runOnlyForDeploymentPostprocessing = 0;
		};
/* End PBXResourcesBuildPhase section */

/* Begin PBXSourcesBuildPhase section */
		5C9429401B078CB300697B3E /* Sources */ = {
			isa = PBXSourcesBuildPhase;
			buildActionMask = 2147483647;
			files = (
				5C9429C51B07A44000697B3E /* UIRefreshControl+AFNetworking.m in Sources */,
				5C9429BB1B07A44000697B3E /* AFURLConnectionOperation.m in Sources */,
				5C9429581B078CB400697B3E /* AppDelegate.m in Sources */,
				5C9429C41B07A44000697B3E /* UIProgressView+AFNetworking.m in Sources */,
				5C9429811B07924400697B3E /* CitiesViewController.m in Sources */,
				5C9429C11B07A44000697B3E /* UIAlertView+AFNetworking.m in Sources */,
				5C9429541B078CB400697B3E /* main.m in Sources */,
				5C9429BD1B07A44000697B3E /* AFURLResponseSerialization.m in Sources */,
				5C9429C21B07A44000697B3E /* UIButton+AFNetworking.m in Sources */,
				5C9429CF1B07C51900697B3E /* DetailViewController.m in Sources */,
				5C9429891B0795CD00697B3E /* NSDictionary+weather_data.m in Sources */,
				5C9429C01B07A44000697B3E /* UIActivityIndicatorView+AFNetworking.m in Sources */,
				5C9429BC1B07A44000697B3E /* AFURLRequestSerialization.m in Sources */,
				5C9429BF1B07A44000697B3E /* AFNetworkActivityIndicatorManager.m in Sources */,
				5C9429BA1B07A44000697B3E /* AFSecurityPolicy.m in Sources */,
				5C9429B61B07A44000697B3E /* AFHTTPRequestOperation.m in Sources */,
				5C9429CC1B07BFFD00697B3E /* WeatherData.m in Sources */,
				5C9429BE1B07A44000697B3E /* AFURLSessionManager.m in Sources */,
				5C9429841B0792C100697B3E /* MapViewController.m in Sources */,
				5C9429C91B07A60F00697B3E /* DataController.m in Sources */,
				5C9429B81B07A44000697B3E /* AFHTTPSessionManager.m in Sources */,
				5C94298C1B07964800697B3E /* NSDictionary+weather.m in Sources */,
				5C9429C61B07A44000697B3E /* UIWebView+AFNetworking.m in Sources */,
				5C9429B91B07A44000697B3E /* AFNetworkReachabilityManager.m in Sources */,
				5C9429C31B07A44000697B3E /* UIImageView+AFNetworking.m in Sources */,
				5C9429B71B07A44000697B3E /* AFHTTPRequestOperationManager.m in Sources */,
			);
			runOnlyForDeploymentPostprocessing = 0;
		};
		5C9429641B078CB400697B3E /* Sources */ = {
			isa = PBXSourcesBuildPhase;
			buildActionMask = 2147483647;
			files = (
				5C9429761B078CB400697B3E /* OpenWeatherTests.m in Sources */,
			);
			runOnlyForDeploymentPostprocessing = 0;
		};
/* End PBXSourcesBuildPhase section */

/* Begin PBXTargetDependency section */
		5C94296E1B078CB400697B3E /* PBXTargetDependency */ = {
			isa = PBXTargetDependency;
			target = 5C9429431B078CB300697B3E /* OpenWeather */;
			targetProxy = 5C94296D1B078CB400697B3E /* PBXContainerItemProxy */;
		};
/* End PBXTargetDependency section */

/* Begin PBXVariantGroup section */
		5C9429501B078CB400697B3E /* InfoPlist.strings */ = {
			isa = PBXVariantGroup;
			children = (
				5C9429511B078CB400697B3E /* en */,
			);
			name = InfoPlist.strings;
			sourceTree = "<group>";
		};
		5C9429591B078CB400697B3E /* Main.storyboard */ = {
			isa = PBXVariantGroup;
			children = (
				5C94295A1B078CB400697B3E /* Base */,
			);
			name = Main.storyboard;
			sourceTree = "<group>";
		};
		5C9429721B078CB400697B3E /* InfoPlist.strings */ = {
			isa = PBXVariantGroup;
			children = (
				5C9429731B078CB400697B3E /* en */,
			);
			name = InfoPlist.strings;
			sourceTree = "<group>";
		};
/* End PBXVariantGroup section */

/* Begin XCBuildConfiguration section */
		5C9429771B078CB400697B3E /* Debug */ = {
			isa = XCBuildConfiguration;
			buildSettings = {
				ALWAYS_SEARCH_USER_PATHS = NO;
				CLANG_CXX_LANGUAGE_STANDARD = "gnu++0x";
				CLANG_CXX_LIBRARY = "libc++";
				CLANG_ENABLE_MODULES = YES;
				CLANG_ENABLE_OBJC_ARC = YES;
				CLANG_WARN_BOOL_CONVERSION = YES;
				CLANG_WARN_CONSTANT_CONVERSION = YES;
				CLANG_WARN_DIRECT_OBJC_ISA_USAGE = YES_ERROR;
				CLANG_WARN_EMPTY_BODY = YES;
				CLANG_WARN_ENUM_CONVERSION = YES;
				CLANG_WARN_INT_CONVERSION = YES;
				CLANG_WARN_OBJC_ROOT_CLASS = YES_ERROR;
				CLANG_WARN__DUPLICATE_METHOD_MATCH = YES;
				"CODE_SIGN_IDENTITY[sdk=iphoneos*]" = "iPhone Developer";
				COPY_PHASE_STRIP = NO;
				GCC_C_LANGUAGE_STANDARD = gnu99;
				GCC_DYNAMIC_NO_PIC = NO;
				GCC_OPTIMIZATION_LEVEL = 0;
				GCC_PREPROCESSOR_DEFINITIONS = (
					"DEBUG=1",
					"$(inherited)",
				);
				GCC_SYMBOLS_PRIVATE_EXTERN = NO;
				GCC_WARN_64_TO_32_BIT_CONVERSION = YES;
				GCC_WARN_ABOUT_RETURN_TYPE = YES_ERROR;
				GCC_WARN_UNDECLARED_SELECTOR = YES;
				GCC_WARN_UNINITIALIZED_AUTOS = YES_AGGRESSIVE;
				GCC_WARN_UNUSED_FUNCTION = YES;
				GCC_WARN_UNUSED_VARIABLE = YES;
				IPHONEOS_DEPLOYMENT_TARGET = 7.1;
				ONLY_ACTIVE_ARCH = YES;
				SDKROOT = iphoneos;
			};
			name = Debug;
		};
		5C9429781B078CB400697B3E /* Release */ = {
			isa = XCBuildConfiguration;
			buildSettings = {
				ALWAYS_SEARCH_USER_PATHS = NO;
				CLANG_CXX_LANGUAGE_STANDARD = "gnu++0x";
				CLANG_CXX_LIBRARY = "libc++";
				CLANG_ENABLE_MODULES = YES;
				CLANG_ENABLE_OBJC_ARC = YES;
				CLANG_WARN_BOOL_CONVERSION = YES;
				CLANG_WARN_CONSTANT_CONVERSION = YES;
				CLANG_WARN_DIRECT_OBJC_ISA_USAGE = YES_ERROR;
				CLANG_WARN_EMPTY_BODY = YES;
				CLANG_WARN_ENUM_CONVERSION = YES;
				CLANG_WARN_INT_CONVERSION = YES;
				CLANG_WARN_OBJC_ROOT_CLASS = YES_ERROR;
				CLANG_WARN__DUPLICATE_METHOD_MATCH = YES;
				"CODE_SIGN_IDENTITY[sdk=iphoneos*]" = "iPhone Developer";
				COPY_PHASE_STRIP = YES;
				ENABLE_NS_ASSERTIONS = NO;
				GCC_C_LANGUAGE_STANDARD = gnu99;
				GCC_WARN_64_TO_32_BIT_CONVERSION = YES;
				GCC_WARN_ABOUT_RETURN_TYPE = YES_ERROR;
				GCC_WARN_UNDECLARED_SELECTOR = YES;
				GCC_WARN_UNINITIALIZED_AUTOS = YES_AGGRESSIVE;
				GCC_WARN_UNUSED_FUNCTION = YES;
				GCC_WARN_UNUSED_VARIABLE = YES;
				IPHONEOS_DEPLOYMENT_TARGET = 7.1;
				SDKROOT = iphoneos;
				VALIDATE_PRODUCT = YES;
			};
			name = Release;
		};
		5C94297A1B078CB400697B3E /* Debug */ = {
			isa = XCBuildConfiguration;
			buildSettings = {
				ASSETCATALOG_COMPILER_APPICON_NAME = AppIcon;
				ASSETCATALOG_COMPILER_LAUNCHIMAGE_NAME = LaunchImage;
				GCC_PRECOMPILE_PREFIX_HEADER = YES;
				GCC_PREFIX_HEADER = "OpenWeather/OpenWeather-Prefix.pch";
				INFOPLIST_FILE = "OpenWeather/OpenWeather-Info.plist";
				PRODUCT_NAME = "$(TARGET_NAME)";
				WRAPPER_EXTENSION = app;
			};
			name = Debug;
		};
		5C94297B1B078CB400697B3E /* Release */ = {
			isa = XCBuildConfiguration;
			buildSettings = {
				ASSETCATALOG_COMPILER_APPICON_NAME = AppIcon;
				ASSETCATALOG_COMPILER_LAUNCHIMAGE_NAME = LaunchImage;
				GCC_PRECOMPILE_PREFIX_HEADER = YES;
				GCC_PREFIX_HEADER = "OpenWeather/OpenWeather-Prefix.pch";
				INFOPLIST_FILE = "OpenWeather/OpenWeather-Info.plist";
				PRODUCT_NAME = "$(TARGET_NAME)";
				WRAPPER_EXTENSION = app;
			};
			name = Release;
		};
		5C94297D1B078CB400697B3E /* Debug */ = {
			isa = XCBuildConfiguration;
			buildSettings = {
				BUNDLE_LOADER = "$(BUILT_PRODUCTS_DIR)/OpenWeather.app/OpenWeather";
				FRAMEWORK_SEARCH_PATHS = (
					"$(SDKROOT)/Developer/Library/Frameworks",
					"$(inherited)",
					"$(DEVELOPER_FRAMEWORKS_DIR)",
				);
				GCC_PRECOMPILE_PREFIX_HEADER = YES;
				GCC_PREFIX_HEADER = "OpenWeather/OpenWeather-Prefix.pch";
				GCC_PREPROCESSOR_DEFINITIONS = (
					"DEBUG=1",
					"$(inherited)",
				);
				INFOPLIST_FILE = "OpenWeatherTests/OpenWeatherTests-Info.plist";
				PRODUCT_NAME = "$(TARGET_NAME)";
				TEST_HOST = "$(BUNDLE_LOADER)";
				WRAPPER_EXTENSION = xctest;
			};
			name = Debug;
		};
		5C94297E1B078CB400697B3E /* Release */ = {
			isa = XCBuildConfiguration;
			buildSettings = {
				BUNDLE_LOADER = "$(BUILT_PRODUCTS_DIR)/OpenWeather.app/OpenWeather";
				FRAMEWORK_SEARCH_PATHS = (
					"$(SDKROOT)/Developer/Library/Frameworks",
					"$(inherited)",
					"$(DEVELOPER_FRAMEWORKS_DIR)",
				);
				GCC_PRECOMPILE_PREFIX_HEADER = YES;
				GCC_PREFIX_HEADER = "OpenWeather/OpenWeather-Prefix.pch";
				INFOPLIST_FILE = "OpenWeatherTests/OpenWeatherTests-Info.plist";
				PRODUCT_NAME = "$(TARGET_NAME)";
				TEST_HOST = "$(BUNDLE_LOADER)";
				WRAPPER_EXTENSION = xctest;
			};
			name = Release;
		};
/* End XCBuildConfiguration section */

/* Begin XCConfigurationList section */
		5C94293F1B078CB300697B3E /* Build configuration list for PBXProject "OpenWeather" */ = {
			isa = XCConfigurationList;
			buildConfigurations = (
				5C9429771B078CB400697B3E /* Debug */,
				5C9429781B078CB400697B3E /* Release */,
			);
			defaultConfigurationIsVisible = 0;
			defaultConfigurationName = Release;
		};
		5C9429791B078CB400697B3E /* Build configuration list for PBXNativeTarget "OpenWeather" */ = {
			isa = XCConfigurationList;
			buildConfigurations = (
				5C94297A1B078CB400697B3E /* Debug */,
				5C94297B1B078CB400697B3E /* Release */,
			);
			defaultConfigurationIsVisible = 0;
		};
		5C94297C1B078CB400697B3E /* Build configuration list for PBXNativeTarget "OpenWeatherTests" */ = {
			isa = XCConfigurationList;
			buildConfigurations = (
				5C94297D1B078CB400697B3E /* Debug */,
				5C94297E1B078CB400697B3E /* Release */,
			);
			defaultConfigurationIsVisible = 0;
		};
/* End XCConfigurationList section */
	};
	rootObject = 5C94293C1B078CB300697B3E /* Project object */;
}
